// !$*UTF8*$!
{
	archiveVersion = 1;
	classes = {
	};
	objectVersion = 55;
	objects = {

/* Begin PBXBuildFile section */
		5437BBAA27C7C8C800B87610 /* AppDelegate.swift in Sources */ = {isa = PBXBuildFile; fileRef = 5437BBA927C7C8C800B87610 /* AppDelegate.swift */; };
		5437BBAC27C7C8C800B87610 /* SceneDelegate.swift in Sources */ = {isa = PBXBuildFile; fileRef = 5437BBAB27C7C8C800B87610 /* SceneDelegate.swift */; };
		5437BBAE27C7C8C800B87610 /* ViewController.swift in Sources */ = {isa = PBXBuildFile; fileRef = 5437BBAD27C7C8C800B87610 /* ViewController.swift */; };
		5437BBB127C7C8C800B87610 /* FackingIt.storyboard in Resources */ = {isa = PBXBuildFile; fileRef = 5437BBAF27C7C8C800B87610 /* FackingIt.storyboard */; };
		5437BBB327C7C8C900B87610 /* Assets.xcassets in Resources */ = {isa = PBXBuildFile; fileRef = 5437BBB227C7C8C900B87610 /* Assets.xcassets */; };
		5437BBB627C7C8C900B87610 /* LaunchScreen.storyboard in Resources */ = {isa = PBXBuildFile; fileRef = 5437BBB427C7C8C900B87610 /* LaunchScreen.storyboard */; };
		543FFB3D27E8CE3300CC8B2B /* PainLevelViewController.swift in Sources */ = {isa = PBXBuildFile; fileRef = 543FFB3C27E8CE3300CC8B2B /* PainLevelViewController.swift */; };
		543FFB3F27E8CE5700CC8B2B /* SelectPainLevelViewController.swift in Sources */ = {isa = PBXBuildFile; fileRef = 543FFB3E27E8CE5700CC8B2B /* SelectPainLevelViewController.swift */; };
		543FFB4127E8CE7700CC8B2B /* SelectPainLevel.storyboard in Resources */ = {isa = PBXBuildFile; fileRef = 543FFB4027E8CE7700CC8B2B /* SelectPainLevel.storyboard */; };
		543FFB4327E9D32500CC8B2B /* PainLevel.swift in Sources */ = {isa = PBXBuildFile; fileRef = 543FFB4227E9D32500CC8B2B /* PainLevel.swift */; };
		543FFB4527E9D39E00CC8B2B /* PetAppointment.swift in Sources */ = {isa = PBXBuildFile; fileRef = 543FFB4427E9D39E00CC8B2B /* PetAppointment.swift */; };
		543FFB4727E9D47C00CC8B2B /* VisitType.swift in Sources */ = {isa = PBXBuildFile; fileRef = 543FFB4627E9D47C00CC8B2B /* VisitType.swift */; };
		543FFB4927EA052000CC8B2B /* SelectVisitType.storyboard in Resources */ = {isa = PBXBuildFile; fileRef = 543FFB4827EA052000CC8B2B /* SelectVisitType.storyboard */; };
		54965EF227D785810087CF7E /* HomeViewController.swift in Sources */ = {isa = PBXBuildFile; fileRef = 54965EF027D785810087CF7E /* HomeViewController.swift */; };
		54965EF527D7875A0087CF7E /* StoryboardInstantiable.swift in Sources */ = {isa = PBXBuildFile; fileRef = 54965EF427D7875A0087CF7E /* StoryboardInstantiable.swift */; };
		54CB67D627D1079700753D0D /* FackingItViewController.swift in Sources */ = {isa = PBXBuildFile; fileRef = 54CB67D427D1079700753D0D /* FackingItViewController.swift */; };
		54CB67D727D1079700753D0D /* FackingItViewController.xib in Resources */ = {isa = PBXBuildFile; fileRef = 54CB67D527D1079700753D0D /* FackingItViewController.xib */; };
		54CF10F727D7CAF00076607D /* NoAppointmentRrequiredViewController.swift in Sources */ = {isa = PBXBuildFile; fileRef = 54CF10F527D7CAF00076607D /* NoAppointmentRrequiredViewController.swift */; };
		54CF10FA27D7CF660076607D /* NoAppointmentRrequired.storyboard in Resources */ = {isa = PBXBuildFile; fileRef = 54CF10F927D7CF660076607D /* NoAppointmentRrequired.storyboard */; };
		54F23AD3280D69350032443D /* Coordinator.swift in Sources */ = {isa = PBXBuildFile; fileRef = 54F23AD2280D69350032443D /* Coordinator.swift */; };
		54F23AD5280D6D700032443D /* Router.swift in Sources */ = {isa = PBXBuildFile; fileRef = 54F23AD4280D6D700032443D /* Router.swift */; };
		54F23AD7280D6E7E0032443D /* AppDelegateRouter.swift in Sources */ = {isa = PBXBuildFile; fileRef = 54F23AD6280D6E7E0032443D /* AppDelegateRouter.swift */; };
		54F23AD9280D71180032443D /* ModalNavigationRouter.swift in Sources */ = {isa = PBXBuildFile; fileRef = 54F23AD8280D71180032443D /* ModalNavigationRouter.swift */; };
		54F23ADB280D99A70032443D /* HomeCoordinator.swift in Sources */ = {isa = PBXBuildFile; fileRef = 54F23ADA280D99A70032443D /* HomeCoordinator.swift */; };
		54F23ADD280D9BF50032443D /* PetAppointCoordinator.swift in Sources */ = {isa = PBXBuildFile; fileRef = 54F23ADC280D9BF50032443D /* PetAppointCoordinator.swift */; };
		54F23ADF280DA0CC0032443D /* SelectVisitTypeViewController.swift in Sources */ = {isa = PBXBuildFile; fileRef = 54F23ADE280DA0CC0032443D /* SelectVisitTypeViewController.swift */; };
		54F23AE3280EC8BF0032443D /* Home.storyboard in Resources */ = {isa = PBXBuildFile; fileRef = 54F23AE2280EC8BF0032443D /* Home.storyboard */; };
/* End PBXBuildFile section */

/* Begin PBXFileReference section */
		5437BBA627C7C8C800B87610 /* Pet App.app */ = {isa = PBXFileReference; explicitFileType = wrapper.application; includeInIndex = 0; path = "Pet App.app"; sourceTree = BUILT_PRODUCTS_DIR; };
		5437BBA927C7C8C800B87610 /* AppDelegate.swift */ = {isa = PBXFileReference; lastKnownFileType = sourcecode.swift; path = AppDelegate.swift; sourceTree = "<group>"; };
		5437BBAB27C7C8C800B87610 /* SceneDelegate.swift */ = {isa = PBXFileReference; lastKnownFileType = sourcecode.swift; path = SceneDelegate.swift; sourceTree = "<group>"; };
		5437BBAD27C7C8C800B87610 /* ViewController.swift */ = {isa = PBXFileReference; lastKnownFileType = sourcecode.swift; path = ViewController.swift; sourceTree = "<group>"; };
		5437BBB027C7C8C800B87610 /* Base */ = {isa = PBXFileReference; lastKnownFileType = file.storyboard; name = Base; path = Base.lproj/FackingIt.storyboard; sourceTree = "<group>"; };
		5437BBB227C7C8C900B87610 /* Assets.xcassets */ = {isa = PBXFileReference; lastKnownFileType = folder.assetcatalog; path = Assets.xcassets; sourceTree = "<group>"; };
		5437BBB527C7C8C900B87610 /* Base */ = {isa = PBXFileReference; lastKnownFileType = file.storyboard; name = Base; path = Base.lproj/LaunchScreen.storyboard; sourceTree = "<group>"; };
		5437BBB727C7C8C900B87610 /* Info.plist */ = {isa = PBXFileReference; lastKnownFileType = text.plist.xml; path = Info.plist; sourceTree = "<group>"; };
		543FFB3C27E8CE3300CC8B2B /* PainLevelViewController.swift */ = {isa = PBXFileReference; lastKnownFileType = sourcecode.swift; path = PainLevelViewController.swift; sourceTree = "<group>"; };
		543FFB3E27E8CE5700CC8B2B /* SelectPainLevelViewController.swift */ = {isa = PBXFileReference; lastKnownFileType = sourcecode.swift; path = SelectPainLevelViewController.swift; sourceTree = "<group>"; };
		543FFB4027E8CE7700CC8B2B /* SelectPainLevel.storyboard */ = {isa = PBXFileReference; lastKnownFileType = file.storyboard; path = SelectPainLevel.storyboard; sourceTree = "<group>"; };
		543FFB4227E9D32500CC8B2B /* PainLevel.swift */ = {isa = PBXFileReference; lastKnownFileType = sourcecode.swift; path = PainLevel.swift; sourceTree = "<group>"; };
		543FFB4427E9D39E00CC8B2B /* PetAppointment.swift */ = {isa = PBXFileReference; lastKnownFileType = sourcecode.swift; path = PetAppointment.swift; sourceTree = "<group>"; };
		543FFB4627E9D47C00CC8B2B /* VisitType.swift */ = {isa = PBXFileReference; lastKnownFileType = sourcecode.swift; path = VisitType.swift; sourceTree = "<group>"; };
		543FFB4827EA052000CC8B2B /* SelectVisitType.storyboard */ = {isa = PBXFileReference; lastKnownFileType = file.storyboard; path = SelectVisitType.storyboard; sourceTree = "<group>"; };
		54965EF027D785810087CF7E /* HomeViewController.swift */ = {isa = PBXFileReference; lastKnownFileType = sourcecode.swift; path = HomeViewController.swift; sourceTree = "<group>"; };
		54965EF427D7875A0087CF7E /* StoryboardInstantiable.swift */ = {isa = PBXFileReference; lastKnownFileType = sourcecode.swift; path = StoryboardInstantiable.swift; sourceTree = "<group>"; };
		54CB67D427D1079700753D0D /* FackingItViewController.swift */ = {isa = PBXFileReference; lastKnownFileType = sourcecode.swift; path = FackingItViewController.swift; sourceTree = "<group>"; };
		54CB67D527D1079700753D0D /* FackingItViewController.xib */ = {isa = PBXFileReference; lastKnownFileType = file.xib; path = FackingItViewController.xib; sourceTree = "<group>"; };
		54CF10F527D7CAF00076607D /* NoAppointmentRrequiredViewController.swift */ = {isa = PBXFileReference; lastKnownFileType = sourcecode.swift; path = NoAppointmentRrequiredViewController.swift; sourceTree = "<group>"; };
		54CF10F927D7CF660076607D /* NoAppointmentRrequired.storyboard */ = {isa = PBXFileReference; lastKnownFileType = file.storyboard; path = NoAppointmentRrequired.storyboard; sourceTree = "<group>"; };
		54F23AD2280D69350032443D /* Coordinator.swift */ = {isa = PBXFileReference; lastKnownFileType = sourcecode.swift; path = Coordinator.swift; sourceTree = "<group>"; };
		54F23AD4280D6D700032443D /* Router.swift */ = {isa = PBXFileReference; lastKnownFileType = sourcecode.swift; path = Router.swift; sourceTree = "<group>"; };
		54F23AD6280D6E7E0032443D /* AppDelegateRouter.swift */ = {isa = PBXFileReference; lastKnownFileType = sourcecode.swift; path = AppDelegateRouter.swift; sourceTree = "<group>"; };
		54F23AD8280D71180032443D /* ModalNavigationRouter.swift */ = {isa = PBXFileReference; lastKnownFileType = sourcecode.swift; path = ModalNavigationRouter.swift; sourceTree = "<group>"; };
		54F23ADA280D99A70032443D /* HomeCoordinator.swift */ = {isa = PBXFileReference; lastKnownFileType = sourcecode.swift; path = HomeCoordinator.swift; sourceTree = "<group>"; };
		54F23ADC280D9BF50032443D /* PetAppointCoordinator.swift */ = {isa = PBXFileReference; lastKnownFileType = sourcecode.swift; path = PetAppointCoordinator.swift; sourceTree = "<group>"; };
		54F23ADE280DA0CC0032443D /* SelectVisitTypeViewController.swift */ = {isa = PBXFileReference; lastKnownFileType = sourcecode.swift; path = SelectVisitTypeViewController.swift; sourceTree = "<group>"; };
		54F23AE2280EC8BF0032443D /* Home.storyboard */ = {isa = PBXFileReference; fileEncoding = 4; lastKnownFileType = file.storyboard; name = Home.storyboard; path = ../../../../../../projects/starter/RayPets/RayPets/Screens/Home/Views/Home.storyboard; sourceTree = "<group>"; };
/* End PBXFileReference section */

/* Begin PBXFrameworksBuildPhase section */
		5437BBA327C7C8C800B87610 /* Frameworks */ = {
			isa = PBXFrameworksBuildPhase;
			buildActionMask = 2147483647;
			files = (
			);
			runOnlyForDeploymentPostprocessing = 0;
		};
/* End PBXFrameworksBuildPhase section */

/* Begin PBXGroup section */
		5437BB9D27C7C8C800B87610 = {
			isa = PBXGroup;
			children = (
				5437BBA827C7C8C800B87610 /* Pet App */,
				5437BBA727C7C8C800B87610 /* Products */,
			);
			sourceTree = "<group>";
		};
		5437BBA727C7C8C800B87610 /* Products */ = {
			isa = PBXGroup;
			children = (
				5437BBA627C7C8C800B87610 /* Pet App.app */,
			);
			name = Products;
			sourceTree = "<group>";
		};
		5437BBA827C7C8C800B87610 /* Pet App */ = {
			isa = PBXGroup;
			children = (
				5437BBBD27C927C400B87610 /* AppDelegate */,
				5437BBBE27C927E100B87610 /* Coordinators */,
				5437BBBF27C9281B00B87610 /* Models */,
				5437BBC027C9282600B87610 /* Resources */,
				5437BBC127C9283100B87610 /* Routers */,
				5437BBC227C9283B00B87610 /* Screens */,
				5437BBAD27C7C8C800B87610 /* ViewController.swift */,
				5437BBB727C7C8C900B87610 /* Info.plist */,
			);
			path = "Pet App";
			sourceTree = "<group>";
		};
		5437BBBD27C927C400B87610 /* AppDelegate */ = {
			isa = PBXGroup;
			children = (
				5437BBA927C7C8C800B87610 /* AppDelegate.swift */,
				5437BBAB27C7C8C800B87610 /* SceneDelegate.swift */,
			);
			path = AppDelegate;
			sourceTree = "<group>";
		};
		5437BBBE27C927E100B87610 /* Coordinators */ = {
			isa = PBXGroup;
			children = (
				54F23AD2280D69350032443D /* Coordinator.swift */,
				54F23ADA280D99A70032443D /* HomeCoordinator.swift */,
				54F23ADC280D9BF50032443D /* PetAppointCoordinator.swift */,
			);
			path = Coordinators;
			sourceTree = "<group>";
		};
		5437BBBF27C9281B00B87610 /* Models */ = {
			isa = PBXGroup;
			children = (
				543FFB4227E9D32500CC8B2B /* PainLevel.swift */,
				543FFB4427E9D39E00CC8B2B /* PetAppointment.swift */,
				543FFB4627E9D47C00CC8B2B /* VisitType.swift */,
			);
			path = Models;
			sourceTree = "<group>";
		};
		5437BBC027C9282600B87610 /* Resources */ = {
			isa = PBXGroup;
			children = (
				5437BBB227C7C8C900B87610 /* Assets.xcassets */,
			);
			path = Resources;
			sourceTree = "<group>";
		};
		5437BBC127C9283100B87610 /* Routers */ = {
			isa = PBXGroup;
			children = (
				54F23AD4280D6D700032443D /* Router.swift */,
				54F23AD6280D6E7E0032443D /* AppDelegateRouter.swift */,
				54F23AD8280D71180032443D /* ModalNavigationRouter.swift */,
			);
			path = Routers;
			sourceTree = "<group>";
		};
		5437BBC227C9283B00B87610 /* Screens */ = {
			isa = PBXGroup;
			children = (
				54CB67CE27D106E000753D0D /* Fakingit */,
				54CB67CF27D106F300753D0D /* Home */,
				54CB67D027D106FF00753D0D /* NoAppointmentRequired */,
				54CB67D127D1071300753D0D /* PainLevel */,
				54CB67D227D1072800753D0D /* Protocols */,
				54CB67D327D1074900753D0D /* VisitType */,
			);
			path = Screens;
			sourceTree = "<group>";
		};
		543FFB3A27E8CDE500CC8B2B /* Controllers */ = {
			isa = PBXGroup;
			children = (
				543FFB3C27E8CE3300CC8B2B /* PainLevelViewController.swift */,
				543FFB3E27E8CE5700CC8B2B /* SelectPainLevelViewController.swift */,
			);
			path = Controllers;
			sourceTree = "<group>";
		};
		543FFB3B27E8CDEE00CC8B2B /* Views */ = {
			isa = PBXGroup;
			children = (
				543FFB4027E8CE7700CC8B2B /* SelectPainLevel.storyboard */,
			);
			path = Views;
			sourceTree = "<group>";
		};
		54965EEE27D7854A0087CF7E /* Controllers */ = {
			isa = PBXGroup;
			children = (
				54965EF027D785810087CF7E /* HomeViewController.swift */,
			);
			path = Controllers;
			sourceTree = "<group>";
		};
		54965EEF27D785560087CF7E /* Views */ = {
			isa = PBXGroup;
			children = (
				54F23AE2280EC8BF0032443D /* Home.storyboard */,
				5437BBB427C7C8C900B87610 /* LaunchScreen.storyboard */,
			);
			path = Views;
			sourceTree = "<group>";
		};
		54CB67CE27D106E000753D0D /* Fakingit */ = {
			isa = PBXGroup;
			children = (
				54CB67D427D1079700753D0D /* FackingItViewController.swift */,
				54CB67D527D1079700753D0D /* FackingItViewController.xib */,
				5437BBAF27C7C8C800B87610 /* FackingIt.storyboard */,
			);
			path = Fakingit;
			sourceTree = "<group>";
		};
		54CB67CF27D106F300753D0D /* Home */ = {
			isa = PBXGroup;
			children = (
				54965EEE27D7854A0087CF7E /* Controllers */,
				54965EEF27D785560087CF7E /* Views */,
			);
			path = Home;
			sourceTree = "<group>";
		};
		54CB67D027D106FF00753D0D /* NoAppointmentRequired */ = {
			isa = PBXGroup;
			children = (
				54CF10F327D7CA490076607D /* Controllers */,
				54CF10F427D7CA530076607D /* Views */,
			);
			path = NoAppointmentRequired;
			sourceTree = "<group>";
		};
		54CB67D127D1071300753D0D /* PainLevel */ = {
			isa = PBXGroup;
			children = (
				543FFB3A27E8CDE500CC8B2B /* Controllers */,
				543FFB3B27E8CDEE00CC8B2B /* Views */,
			);
			path = PainLevel;
			sourceTree = "<group>";
		};
		54CB67D227D1072800753D0D /* Protocols */ = {
			isa = PBXGroup;
			children = (
				54965EF427D7875A0087CF7E /* StoryboardInstantiable.swift */,
			);
			path = Protocols;
			sourceTree = "<group>";
		};
		54CB67D327D1074900753D0D /* VisitType */ = {
			isa = PBXGroup;
			children = (
				543FFB4827EA052000CC8B2B /* SelectVisitType.storyboard */,
				54F23ADE280DA0CC0032443D /* SelectVisitTypeViewController.swift */,
			);
			path = VisitType;
			sourceTree = "<group>";
		};
		54CF10F327D7CA490076607D /* Controllers */ = {
			isa = PBXGroup;
			children = (
				54CF10F527D7CAF00076607D /* NoAppointmentRrequiredViewController.swift */,
			);
			path = Controllers;
			sourceTree = "<group>";
		};
		54CF10F427D7CA530076607D /* Views */ = {
			isa = PBXGroup;
			children = (
				54CF10F927D7CF660076607D /* NoAppointmentRrequired.storyboard */,
			);
			path = Views;
			sourceTree = "<group>";
		};
/* End PBXGroup section */

/* Begin PBXNativeTarget section */
		5437BBA527C7C8C800B87610 /* Pet App */ = {
			isa = PBXNativeTarget;
			buildConfigurationList = 5437BBBA27C7C8C900B87610 /* Build configuration list for PBXNativeTarget "Pet App" */;
			buildPhases = (
				5437BBA227C7C8C800B87610 /* Sources */,
				5437BBA327C7C8C800B87610 /* Frameworks */,
				5437BBA427C7C8C800B87610 /* Resources */,
			);
			buildRules = (
			);
			dependencies = (
			);
			name = "Pet App";
			productName = "Pet App";
			productReference = 5437BBA627C7C8C800B87610 /* Pet App.app */;
			productType = "com.apple.product-type.application";
		};
/* End PBXNativeTarget section */

/* Begin PBXProject section */
		5437BB9E27C7C8C800B87610 /* Project object */ = {
			isa = PBXProject;
			attributes = {
				BuildIndependentTargetsInParallel = 1;
				LastSwiftUpdateCheck = 1320;
				LastUpgradeCheck = 1320;
				TargetAttributes = {
					5437BBA527C7C8C800B87610 = {
						CreatedOnToolsVersion = 13.2.1;
					};
				};
			};
			buildConfigurationList = 5437BBA127C7C8C800B87610 /* Build configuration list for PBXProject "Pet App" */;
			compatibilityVersion = "Xcode 13.0";
			developmentRegion = en;
			hasScannedForEncodings = 0;
			knownRegions = (
				en,
				Base,
			);
			mainGroup = 5437BB9D27C7C8C800B87610;
			productRefGroup = 5437BBA727C7C8C800B87610 /* Products */;
			projectDirPath = "";
			projectRoot = "";
			targets = (
				5437BBA527C7C8C800B87610 /* Pet App */,
			);
		};
/* End PBXProject section */

/* Begin PBXResourcesBuildPhase section */
		5437BBA427C7C8C800B87610 /* Resources */ = {
			isa = PBXResourcesBuildPhase;
			buildActionMask = 2147483647;
			files = (
				54CF10FA27D7CF660076607D /* NoAppointmentRrequired.storyboard in Resources */,
				5437BBB627C7C8C900B87610 /* LaunchScreen.storyboard in Resources */,
				543FFB4927EA052000CC8B2B /* SelectVisitType.storyboard in Resources */,
				54F23AE3280EC8BF0032443D /* Home.storyboard in Resources */,
				543FFB4127E8CE7700CC8B2B /* SelectPainLevel.storyboard in Resources */,
				5437BBB327C7C8C900B87610 /* Assets.xcassets in Resources */,
				5437BBB127C7C8C800B87610 /* FackingIt.storyboard in Resources */,
				54CB67D727D1079700753D0D /* FackingItViewController.xib in Resources */,
			);
			runOnlyForDeploymentPostprocessing = 0;
		};
/* End PBXResourcesBuildPhase section */

/* Begin PBXSourcesBuildPhase section */
		5437BBA227C7C8C800B87610 /* Sources */ = {
			isa = PBXSourcesBuildPhase;
			buildActionMask = 2147483647;
			files = (
				543FFB4327E9D32500CC8B2B /* PainLevel.swift in Sources */,
				543FFB4527E9D39E00CC8B2B /* PetAppointment.swift in Sources */,
				54F23AD3280D69350032443D /* Coordinator.swift in Sources */,
				54F23ADB280D99A70032443D /* HomeCoordinator.swift in Sources */,
				54F23ADD280D9BF50032443D /* PetAppointCoordinator.swift in Sources */,
				54965EF227D785810087CF7E /* HomeViewController.swift in Sources */,
				54F23AD9280D71180032443D /* ModalNavigationRouter.swift in Sources */,
				5437BBAE27C7C8C800B87610 /* ViewController.swift in Sources */,
				543FFB3F27E8CE5700CC8B2B /* SelectPainLevelViewController.swift in Sources */,
				54CF10F727D7CAF00076607D /* NoAppointmentRrequiredViewController.swift in Sources */,
				5437BBAA27C7C8C800B87610 /* AppDelegate.swift in Sources */,
				543FFB4727E9D47C00CC8B2B /* VisitType.swift in Sources */,
				5437BBAC27C7C8C800B87610 /* SceneDelegate.swift in Sources */,
				54F23ADF280DA0CC0032443D /* SelectVisitTypeViewController.swift in Sources */,
				54F23AD5280D6D700032443D /* Router.swift in Sources */,
				54F23AD7280D6E7E0032443D /* AppDelegateRouter.swift in Sources */,
				54965EF527D7875A0087CF7E /* StoryboardInstantiable.swift in Sources */,
				54CB67D627D1079700753D0D /* FackingItViewController.swift in Sources */,
				543FFB3D27E8CE3300CC8B2B /* PainLevelViewController.swift in Sources */,
			);
			runOnlyForDeploymentPostprocessing = 0;
		};
/* End PBXSourcesBuildPhase section */

/* Begin PBXVariantGroup section */
		5437BBAF27C7C8C800B87610 /* FackingIt.storyboard */ = {
			isa = PBXVariantGroup;
			children = (
				5437BBB027C7C8C800B87610 /* Base */,
			);
			name = FackingIt.storyboard;
			sourceTree = "<group>";
		};
		5437BBB427C7C8C900B87610 /* LaunchScreen.storyboard */ = {
			isa = PBXVariantGroup;
			children = (
				5437BBB527C7C8C900B87610 /* Base */,
			);
			name = LaunchScreen.storyboard;
			sourceTree = "<group>";
		};
/* End PBXVariantGroup section */

/* Begin XCBuildConfiguration section */
		5437BBB827C7C8C900B87610 /* Debug */ = {
			isa = XCBuildConfiguration;
			buildSettings = {
				ALWAYS_SEARCH_USER_PATHS = NO;
				CLANG_ANALYZER_NONNULL = YES;
				CLANG_ANALYZER_NUMBER_OBJECT_CONVERSION = YES_AGGRESSIVE;
				CLANG_CXX_LANGUAGE_STANDARD = "gnu++17";
				CLANG_CXX_LIBRARY = "libc++";
				CLANG_ENABLE_MODULES = YES;
				CLANG_ENABLE_OBJC_ARC = YES;
				CLANG_ENABLE_OBJC_WEAK = YES;
				CLANG_WARN_BLOCK_CAPTURE_AUTORELEASING = YES;
				CLANG_WARN_BOOL_CONVERSION = YES;
				CLANG_WARN_COMMA = YES;
				CLANG_WARN_CONSTANT_CONVERSION = YES;
				CLANG_WARN_DEPRECATED_OBJC_IMPLEMENTATIONS = YES;
				CLANG_WARN_DIRECT_OBJC_ISA_USAGE = YES_ERROR;
				CLANG_WARN_DOCUMENTATION_COMMENTS = YES;
				CLANG_WARN_EMPTY_BODY = YES;
				CLANG_WARN_ENUM_CONVERSION = YES;
				CLANG_WARN_INFINITE_RECURSION = YES;
				CLANG_WARN_INT_CONVERSION = YES;
				CLANG_WARN_NON_LITERAL_NULL_CONVERSION = YES;
				CLANG_WARN_OBJC_IMPLICIT_RETAIN_SELF = YES;
				CLANG_WARN_OBJC_LITERAL_CONVERSION = YES;
				CLANG_WARN_OBJC_ROOT_CLASS = YES_ERROR;
				CLANG_WARN_QUOTED_INCLUDE_IN_FRAMEWORK_HEADER = YES;
				CLANG_WARN_RANGE_LOOP_ANALYSIS = YES;
				CLANG_WARN_STRICT_PROTOTYPES = YES;
				CLANG_WARN_SUSPICIOUS_MOVE = YES;
				CLANG_WARN_UNGUARDED_AVAILABILITY = YES_AGGRESSIVE;
				CLANG_WARN_UNREACHABLE_CODE = YES;
				CLANG_WARN__DUPLICATE_METHOD_MATCH = YES;
				COPY_PHASE_STRIP = NO;
				DEBUG_INFORMATION_FORMAT = dwarf;
				ENABLE_STRICT_OBJC_MSGSEND = YES;
				ENABLE_TESTABILITY = YES;
				GCC_C_LANGUAGE_STANDARD = gnu11;
				GCC_DYNAMIC_NO_PIC = NO;
				GCC_NO_COMMON_BLOCKS = YES;
				GCC_OPTIMIZATION_LEVEL = 0;
				GCC_PREPROCESSOR_DEFINITIONS = (
					"DEBUG=1",
					"$(inherited)",
				);
				GCC_WARN_64_TO_32_BIT_CONVERSION = YES;
				GCC_WARN_ABOUT_RETURN_TYPE = YES_ERROR;
				GCC_WARN_UNDECLARED_SELECTOR = YES;
				GCC_WARN_UNINITIALIZED_AUTOS = YES_AGGRESSIVE;
				GCC_WARN_UNUSED_FUNCTION = YES;
				GCC_WARN_UNUSED_VARIABLE = YES;
				IPHONEOS_DEPLOYMENT_TARGET = 15.2;
				MTL_ENABLE_DEBUG_INFO = INCLUDE_SOURCE;
				MTL_FAST_MATH = YES;
				ONLY_ACTIVE_ARCH = YES;
				SDKROOT = iphoneos;
				SWIFT_ACTIVE_COMPILATION_CONDITIONS = DEBUG;
				SWIFT_OPTIMIZATION_LEVEL = "-Onone";
			};
			name = Debug;
		};
		5437BBB927C7C8C900B87610 /* Release */ = {
			isa = XCBuildConfiguration;
			buildSettings = {
				ALWAYS_SEARCH_USER_PATHS = NO;
				CLANG_ANALYZER_NONNULL = YES;
				CLANG_ANALYZER_NUMBER_OBJECT_CONVERSION = YES_AGGRESSIVE;
				CLANG_CXX_LANGUAGE_STANDARD = "gnu++17";
				CLANG_CXX_LIBRARY = "libc++";
				CLANG_ENABLE_MODULES = YES;
				CLANG_ENABLE_OBJC_ARC = YES;
				CLANG_ENABLE_OBJC_WEAK = YES;
				CLANG_WARN_BLOCK_CAPTURE_AUTORELEASING = YES;
				CLANG_WARN_BOOL_CONVERSION = YES;
				CLANG_WARN_COMMA = YES;
				CLANG_WARN_CONSTANT_CONVERSION = YES;
				CLANG_WARN_DEPRECATED_OBJC_IMPLEMENTATIONS = YES;
				CLANG_WARN_DIRECT_OBJC_ISA_USAGE = YES_ERROR;
				CLANG_WARN_DOCUMENTATION_COMMENTS = YES;
				CLANG_WARN_EMPTY_BODY = YES;
				CLANG_WARN_ENUM_CONVERSION = YES;
				CLANG_WARN_INFINITE_RECURSION = YES;
				CLANG_WARN_INT_CONVERSION = YES;
				CLANG_WARN_NON_LITERAL_NULL_CONVERSION = YES;
				CLANG_WARN_OBJC_IMPLICIT_RETAIN_SELF = YES;
				CLANG_WARN_OBJC_LITERAL_CONVERSION = YES;
				CLANG_WARN_OBJC_ROOT_CLASS = YES_ERROR;
				CLANG_WARN_QUOTED_INCLUDE_IN_FRAMEWORK_HEADER = YES;
				CLANG_WARN_RANGE_LOOP_ANALYSIS = YES;
				CLANG_WARN_STRICT_PROTOTYPES = YES;
				CLANG_WARN_SUSPICIOUS_MOVE = YES;
				CLANG_WARN_UNGUARDED_AVAILABILITY = YES_AGGRESSIVE;
				CLANG_WARN_UNREACHABLE_CODE = YES;
				CLANG_WARN__DUPLICATE_METHOD_MATCH = YES;
				COPY_PHASE_STRIP = NO;
				DEBUG_INFORMATION_FORMAT = "dwarf-with-dsym";
				ENABLE_NS_ASSERTIONS = NO;
				ENABLE_STRICT_OBJC_MSGSEND = YES;
				GCC_C_LANGUAGE_STANDARD = gnu11;
				GCC_NO_COMMON_BLOCKS = YES;
				GCC_WARN_64_TO_32_BIT_CONVERSION = YES;
				GCC_WARN_ABOUT_RETURN_TYPE = YES_ERROR;
				GCC_WARN_UNDECLARED_SELECTOR = YES;
				GCC_WARN_UNINITIALIZED_AUTOS = YES_AGGRESSIVE;
				GCC_WARN_UNUSED_FUNCTION = YES;
				GCC_WARN_UNUSED_VARIABLE = YES;
				IPHONEOS_DEPLOYMENT_TARGET = 15.2;
				MTL_ENABLE_DEBUG_INFO = NO;
				MTL_FAST_MATH = YES;
				SDKROOT = iphoneos;
				SWIFT_COMPILATION_MODE = wholemodule;
				SWIFT_OPTIMIZATION_LEVEL = "-O";
				VALIDATE_PRODUCT = YES;
			};
			name = Release;
		};
		5437BBBB27C7C8C900B87610 /* Debug */ = {
			isa = XCBuildConfiguration;
			buildSettings = {
				ASSETCATALOG_COMPILER_APPICON_NAME = AppIcon;
				ASSETCATALOG_COMPILER_GLOBAL_ACCENT_COLOR_NAME = AccentColor;
				CODE_SIGN_STYLE = Automatic;
				CURRENT_PROJECT_VERSION = 1;
				DEVELOPMENT_TEAM = 4L2MSKX5Q6;
				GENERATE_INFOPLIST_FILE = YES;
				INFOPLIST_FILE = "Pet App/Info.plist";
				INFOPLIST_KEY_UIApplicationSupportsIndirectInputEvents = YES;
				INFOPLIST_KEY_UILaunchStoryboardName = LaunchScreen;
				INFOPLIST_KEY_UIMainStoryboardFile = Home;
				INFOPLIST_KEY_UISupportedInterfaceOrientations_iPad = "UIInterfaceOrientationPortrait UIInterfaceOrientationPortraitUpsideDown UIInterfaceOrientationLandscapeLeft UIInterfaceOrientationLandscapeRight";
				INFOPLIST_KEY_UISupportedInterfaceOrientations_iPhone = "UIInterfaceOrientationPortrait UIInterfaceOrientationLandscapeLeft UIInterfaceOrientationLandscapeRight";
				LD_RUNPATH_SEARCH_PATHS = (
					"$(inherited)",
					"@executable_path/Frameworks",
				);
				MARKETING_VERSION = 1.0;
				PRODUCT_BUNDLE_IDENTIFIER = "com.mdo.Pet-App";
				PRODUCT_NAME = "$(TARGET_NAME)";
				SWIFT_EMIT_LOC_STRINGS = YES;
				SWIFT_VERSION = 5.0;
				TARGETED_DEVICE_FAMILY = "1,2";
			};
			name = Debug;
		};
		5437BBBC27C7C8C900B87610 /* Release */ = {
			isa = XCBuildConfiguration;
			buildSettings = {
				ASSETCATALOG_COMPILER_APPICON_NAME = AppIcon;
				ASSETCATALOG_COMPILER_GLOBAL_ACCENT_COLOR_NAME = AccentColor;
				CODE_SIGN_STYLE = Automatic;
				CURRENT_PROJECT_VERSION = 1;
				DEVELOPMENT_TEAM = 4L2MSKX5Q6;
				GENERATE_INFOPLIST_FILE = YES;
				INFOPLIST_FILE = "Pet App/Info.plist";
				INFOPLIST_KEY_UIApplicationSupportsIndirectInputEvents = YES;
				INFOPLIST_KEY_UILaunchStoryboardName = LaunchScreen;
				INFOPLIST_KEY_UIMainStoryboardFile = Home;
				INFOPLIST_KEY_UISupportedInterfaceOrientations_iPad = "UIInterfaceOrientationPortrait UIInterfaceOrientationPortraitUpsideDown UIInterfaceOrientationLandscapeLeft UIInterfaceOrientationLandscapeRight";
				INFOPLIST_KEY_UISupportedInterfaceOrientations_iPhone = "UIInterfaceOrientationPortrait UIInterfaceOrientationLandscapeLeft UIInterfaceOrientationLandscapeRight";
				LD_RUNPATH_SEARCH_PATHS = (
					"$(inherited)",
					"@executable_path/Frameworks",
				);
				MARKETING_VERSION = 1.0;
				PRODUCT_BUNDLE_IDENTIFIER = "com.mdo.Pet-App";
				PRODUCT_NAME = "$(TARGET_NAME)";
				SWIFT_EMIT_LOC_STRINGS = YES;
				SWIFT_VERSION = 5.0;
				TARGETED_DEVICE_FAMILY = "1,2";
			};
			name = Release;
		};
/* End XCBuildConfiguration section */

/* Begin XCConfigurationList section */
		5437BBA127C7C8C800B87610 /* Build configuration list for PBXProject "Pet App" */ = {
			isa = XCConfigurationList;
			buildConfigurations = (
				5437BBB827C7C8C900B87610 /* Debug */,
				5437BBB927C7C8C900B87610 /* Release */,
			);
			defaultConfigurationIsVisible = 0;
			defaultConfigurationName = Release;
		};
		5437BBBA27C7C8C900B87610 /* Build configuration list for PBXNativeTarget "Pet App" */ = {
			isa = XCConfigurationList;
			buildConfigurations = (
				5437BBBB27C7C8C900B87610 /* Debug */,
				5437BBBC27C7C8C900B87610 /* Release */,
			);
			defaultConfigurationIsVisible = 0;
			defaultConfigurationName = Release;
		};
/* End XCConfigurationList section */
	};
	rootObject = 5437BB9E27C7C8C800B87610 /* Project object */;
}
